
Microsoft Visual Studio Solution File, Format Version 12.00
# Visual Studio Version 17
VisualStudioVersion = 17.0.31903.59
MinimumVisualStudioVersion = 10.0.40219.1
Project("{2150E333-8FDC-42A3-9474-1A3956D46DE8}") = "Services", "Services", "{5854FF58-B8C5-05C6-5BF2-ACE42193F22B}"
EndProject
Project("{2150E333-8FDC-42A3-9474-1A3956D46DE8}") = "Catalog", "Catalog", "{1713ADD5-64C4-7391-55A7-1287F9333B23}"
EndProject
Project("{FAE04EC0-301F-11D3-BF4B-00C04F79EFBC}") = "Catalog.API", "Services\Catalog\Catalog.API\Catalog.API.csproj", "{6351AB89-37D3-4116-82A6-1DED2698176F}"
EndProject
Project("{FAE04EC0-301F-11D3-BF4B-00C04F79EFBC}") = "BuildingBlocks", "BuildingBlocks\BuildingBlocks.csproj", "{81CAE4E6-094D-428A-9CB2-E0DB6DD785B9}"
EndProject
Project("{2150E333-8FDC-42A3-9474-1A3956D46DE8}") = "Basket", "Basket", "{F05E7D51-C881-45D3-B257-87DD966F2E44}"
EndProject
Project("{FAE04EC0-301F-11D3-BF4B-00C04F79EFBC}") = "Basket.API", "Services\Basket\Basket.API\Basket.API.csproj", "{322871C3-B816-42EF-BF02-D28DDDC60567}"
EndProject
Global
	GlobalSection(SolutionConfigurationPlatforms) = preSolution
		Debug|Any CPU = Debug|Any CPU
		Debug|x64 = Debug|x64
		Debug|x86 = Debug|x86
		Release|Any CPU = Release|Any CPU
		Release|x64 = Release|x64
		Release|x86 = Release|x86
	EndGlobalSection
	GlobalSection(ProjectConfigurationPlatforms) = postSolution
		{6351AB89-37D3-4116-82A6-1DED2698176F}.Debug|Any CPU.ActiveCfg = Debug|Any CPU
		{6351AB89-37D3-4116-82A6-1DED2698176F}.Debug|Any CPU.Build.0 = Debug|Any CPU
		{6351AB89-37D3-4116-82A6-1DED2698176F}.Debug|x64.ActiveCfg = Debug|Any CPU
		{6351AB89-37D3-4116-82A6-1DED2698176F}.Debug|x64.Build.0 = Debug|Any CPU
		{6351AB89-37D3-4116-82A6-1DED2698176F}.Debug|x86.ActiveCfg = Debug|Any CPU
		{6351AB89-37D3-4116-82A6-1DED2698176F}.Debug|x86.Build.0 = Debug|Any CPU
		{6351AB89-37D3-4116-82A6-1DED2698176F}.Release|Any CPU.ActiveCfg = Release|Any CPU
		{6351AB89-37D3-4116-82A6-1DED2698176F}.Release|Any CPU.Build.0 = Release|Any CPU
		{6351AB89-37D3-4116-82A6-1DED2698176F}.Release|x64.ActiveCfg = Release|Any CPU
		{6351AB89-37D3-4116-82A6-1DED2698176F}.Release|x64.Build.0 = Release|Any CPU
		{6351AB89-37D3-4116-82A6-1DED2698176F}.Release|x86.ActiveCfg = Release|Any CPU
		{6351AB89-37D3-4116-82A6-1DED2698176F}.Release|x86.Build.0 = Release|Any CPU
		{81CAE4E6-094D-428A-9CB2-E0DB6DD785B9}.Debug|Any CPU.ActiveCfg = Debug|Any CPU
		{81CAE4E6-094D-428A-9CB2-E0DB6DD785B9}.Debug|Any CPU.Build.0 = Debug|Any CPU
		{81CAE4E6-094D-428A-9CB2-E0DB6DD785B9}.Debug|x64.ActiveCfg = Debug|Any CPU
		{81CAE4E6-094D-428A-9CB2-E0DB6DD785B9}.Debug|x64.Build.0 = Debug|Any CPU
		{81CAE4E6-094D-428A-9CB2-E0DB6DD785B9}.Debug|x86.ActiveCfg = Debug|Any CPU
		{81CAE4E6-094D-428A-9CB2-E0DB6DD785B9}.Debug|x86.Build.0 = Debug|Any CPU
		{81CAE4E6-094D-428A-9CB2-E0DB6DD785B9}.Release|Any CPU.ActiveCfg = Release|Any CPU
		{81CAE4E6-094D-428A-9CB2-E0DB6DD785B9}.Release|Any CPU.Build.0 = Release|Any CPU
		{81CAE4E6-094D-428A-9CB2-E0DB6DD785B9}.Release|x64.ActiveCfg = Release|Any CPU
		{81CAE4E6-094D-428A-9CB2-E0DB6DD785B9}.Release|x64.Build.0 = Release|Any CPU
		{81CAE4E6-094D-428A-9CB2-E0DB6DD785B9}.Release|x86.ActiveCfg = Release|Any CPU
		{81CAE4E6-094D-428A-9CB2-E0DB6DD785B9}.Release|x86.Build.0 = Release|Any CPU
		{322871C3-B816-42EF-BF02-D28DDDC60567}.Debug|Any CPU.ActiveCfg = Debug|Any CPU
		{322871C3-B816-42EF-BF02-D28DDDC60567}.Debug|Any CPU.Build.0 = Debug|Any CPU
		{322871C3-B816-42EF-BF02-D28DDDC60567}.Debug|x64.ActiveCfg = Debug|Any CPU
		{322871C3-B816-42EF-BF02-D28DDDC60567}.Debug|x64.Build.0 = Debug|Any CPU
		{322871C3-B816-42EF-BF02-D28DDDC60567}.Debug|x86.ActiveCfg = Debug|Any CPU
		{322871C3-B816-42EF-BF02-D28DDDC60567}.Debug|x86.Build.0 = Debug|Any CPU
		{322871C3-B816-42EF-BF02-D28DDDC60567}.Release|Any CPU.ActiveCfg = Release|Any CPU
		{322871C3-B816-42EF-BF02-D28DDDC60567}.Release|Any CPU.Build.0 = Release|Any CPU
		{322871C3-B816-42EF-BF02-D28DDDC60567}.Release|x64.ActiveCfg = Release|Any CPU
		{322871C3-B816-42EF-BF02-D28DDDC60567}.Release|x64.Build.0 = Release|Any CPU
		{322871C3-B816-42EF-BF02-D28DDDC60567}.Release|x86.ActiveCfg = Release|Any CPU
		{322871C3-B816-42EF-BF02-D28DDDC60567}.Release|x86.Build.0 = Release|Any CPU
	EndGlobalSection
	GlobalSection(SolutionProperties) = preSolution
		HideSolutionNode = FALSE
	EndGlobalSection
	GlobalSection(NestedProjects) = preSolution
		{1713ADD5-64C4-7391-55A7-1287F9333B23} = {5854FF58-B8C5-05C6-5BF2-ACE42193F22B}
		{6351AB89-37D3-4116-82A6-1DED2698176F} = {1713ADD5-64C4-7391-55A7-1287F9333B23}
		{F05E7D51-C881-45D3-B257-87DD966F2E44} = {5854FF58-B8C5-05C6-5BF2-ACE42193F22B}
		{322871C3-B816-42EF-BF02-D28DDDC60567} = {F05E7D51-C881-45D3-B257-87DD966F2E44}
	EndGlobalSection
EndGlobal
